
Microsoft Visual Studio Solution File, Format Version 12.00
# Visual Studio Version 16
VisualStudioVersion = 16.0.31112.23
MinimumVisualStudioVersion = 10.0.40219.1
Project("{9A19103F-16F7-4668-BE54-9A1E7A4F7556}") = "Skybrud.Social.Slack", "Skybrud.Social.Slack\Skybrud.Social.Slack.csproj", "{4C00CE12-558C-47A7-B804-B3448DF002C3}"
EndProject
Project("{2150E333-8FDC-42A3-9474-1A3956D46DE8}") = "Solution Items", "Solution Items", "{09876196-3E11-47E0-B9F5-DA4F4D522F81}"
	ProjectSection(SolutionItems) = preProject
		.editorconfig = .editorconfig
	EndProjectSection
EndProject
Global
	GlobalSection(SolutionConfigurationPlatforms) = preSolution
		Debug|Any CPU = Debug|Any CPU
		Release|Any CPU = Release|Any CPU
	EndGlobalSection
	GlobalSection(ProjectConfigurationPlatforms) = postSolution
		{4C00CE12-558C-47A7-B804-B3448DF002C3}.Debug|Any CPU.ActiveCfg = Debug|Any CPU
		{4C00CE12-558C-47A7-B804-B3448DF002C3}.Debug|Any CPU.Build.0 = Debug|Any CPU
		{4C00CE12-558C-47A7-B804-B3448DF002C3}.Release|Any CPU.ActiveCfg = Release|Any CPU
		{4C00CE12-558C-47A7-B804-B3448DF002C3}.Release|Any CPU.Build.0 = Release|Any CPU
	EndGlobalSection
	GlobalSection(SolutionProperties) = preSolution
		HideSolutionNode = FALSE
	EndGlobalSection
	GlobalSection(ExtensibilityGlobals) = postSolution
		SolutionGuid = {1DB20D65-FC47-493C-A7B5-021681AD0606}
	EndGlobalSection
EndGlobal
